{
  "name": "functionchain",
  "version": "1.0.0",
  "lockfileVersion": 3,
  "requires": true,
  "packages": {
    "": {
      "name": "functionchain",
      "version": "1.0.0",
      "license": "ISC",
      "dependencies": {
        "ai-function-chain": "^0.0.15",
        "dotenv": "^16.3.1"
      }
    },
    "node_modules/ai-function-chain": {
      "version": "0.0.15",
      "resolved": "https://registry.npmjs.org/ai-function-chain/-/ai-function-chain-0.0.15.tgz",
      "integrity": "sha512-O9q5/nNwDZDgmDKJbmjhlO/U1fiPNe2EWplaZ0o8yaXdev/cC5o6wgmvpfH2/eSG0Jenhp91g5QfJ45QHGkPbw=="
    },
    "node_modules/dotenv": {
      "version": "16.3.1",
      "resolved": "https://registry.npmjs.org/dotenv/-/dotenv-16.3.1.tgz",
      "integrity": "sha512-IPzF4w4/Rd94bA9imS68tZBaYyBWSCE47V1RGuMrB94iyTOIEwRmVL2x/4An+6mETpLrKJ5hQkB8W4kFAadeIQ==",
      "engines": {
        "node": ">=12"
      },
      "funding": {
        "url": "https://github.com/motdotla/dotenv?sponsor=1"
      }
    }
  }
}
